// !$*UTF8*$!
{
	archiveVersion = 1;
	classes = {
	};
	objectVersion = 50;
	objects = {

/* Begin PBXBuildFile section */
		2ACE3D1824CF20D400A7CC43 /* AppDelegate.swift in Sources */ = {isa = PBXBuildFile; fileRef = 2ACE3D1724CF20D400A7CC43 /* AppDelegate.swift */; };
		2ACE3D1A24CF20D400A7CC43 /* SceneDelegate.swift in Sources */ = {isa = PBXBuildFile; fileRef = 2ACE3D1924CF20D400A7CC43 /* SceneDelegate.swift */; };
		2ACE3D1F24CF20D400A7CC43 /* Main.storyboard in Resources */ = {isa = PBXBuildFile; fileRef = 2ACE3D1D24CF20D400A7CC43 /* Main.storyboard */; };
		2ACE3D2124CF20D500A7CC43 /* Assets.xcassets in Resources */ = {isa = PBXBuildFile; fileRef = 2ACE3D2024CF20D500A7CC43 /* Assets.xcassets */; };
		2ACE3D2424CF20D500A7CC43 /* LaunchScreen.storyboard in Resources */ = {isa = PBXBuildFile; fileRef = 2ACE3D2224CF20D500A7CC43 /* LaunchScreen.storyboard */; };
		2ACE3D2C24CF213400A7CC43 /* AppCoordinator.swift in Sources */ = {isa = PBXBuildFile; fileRef = 2ACE3D2B24CF213400A7CC43 /* AppCoordinator.swift */; };
		2ACE3D2E24CF236700A7CC43 /* EventListCoordinator.swift in Sources */ = {isa = PBXBuildFile; fileRef = 2ACE3D2D24CF236700A7CC43 /* EventListCoordinator.swift */; };
		2ACE3D3024CF240E00A7CC43 /* EventListViewController.swift in Sources */ = {isa = PBXBuildFile; fileRef = 2ACE3D2F24CF240E00A7CC43 /* EventListViewController.swift */; };
		2ACE3D3224CF4E6C00A7CC43 /* UIColor+Extension.swift in Sources */ = {isa = PBXBuildFile; fileRef = 2ACE3D3124CF4E6C00A7CC43 /* UIColor+Extension.swift */; };
		2ACE3D6524D02DB000A7CC43 /* EventsApp.xcdatamodeld in Sources */ = {isa = PBXBuildFile; fileRef = 2ACE3D6324D02DB000A7CC43 /* EventsApp.xcdatamodeld */; };
		2ACE3D6724D02F4700A7CC43 /* CoreDataManager.swift in Sources */ = {isa = PBXBuildFile; fileRef = 2ACE3D6624D02F4700A7CC43 /* CoreDataManager.swift */; };
		32522F4724D08E7F00C417DE /* EventListViewModel.swift in Sources */ = {isa = PBXBuildFile; fileRef = 32522F4624D08E7F00C417DE /* EventListViewModel.swift */; };
/* End PBXBuildFile section */

/* Begin PBXFileReference section */
		2ACE3D1424CF20D400A7CC43 /* MVVMTemplate.app */ = {isa = PBXFileReference; explicitFileType = wrapper.application; includeInIndex = 0; path = MVVMTemplate.app; sourceTree = BUILT_PRODUCTS_DIR; };
		2ACE3D1724CF20D400A7CC43 /* AppDelegate.swift */ = {isa = PBXFileReference; lastKnownFileType = sourcecode.swift; path = AppDelegate.swift; sourceTree = "<group>"; };
		2ACE3D1924CF20D400A7CC43 /* SceneDelegate.swift */ = {isa = PBXFileReference; lastKnownFileType = sourcecode.swift; path = SceneDelegate.swift; sourceTree = "<group>"; };
		2ACE3D1E24CF20D400A7CC43 /* Base */ = {isa = PBXFileReference; lastKnownFileType = file.storyboard; name = Base; path = Base.lproj/Main.storyboard; sourceTree = "<group>"; };
		2ACE3D2024CF20D500A7CC43 /* Assets.xcassets */ = {isa = PBXFileReference; lastKnownFileType = folder.assetcatalog; path = Assets.xcassets; sourceTree = "<group>"; };
		2ACE3D2324CF20D500A7CC43 /* Base */ = {isa = PBXFileReference; lastKnownFileType = file.storyboard; name = Base; path = Base.lproj/LaunchScreen.storyboard; sourceTree = "<group>"; };
		2ACE3D2524CF20D500A7CC43 /* Info.plist */ = {isa = PBXFileReference; lastKnownFileType = text.plist.xml; path = Info.plist; sourceTree = "<group>"; };
		2ACE3D2B24CF213400A7CC43 /* AppCoordinator.swift */ = {isa = PBXFileReference; lastKnownFileType = sourcecode.swift; path = AppCoordinator.swift; sourceTree = "<group>"; };
		2ACE3D2D24CF236700A7CC43 /* EventListCoordinator.swift */ = {isa = PBXFileReference; lastKnownFileType = sourcecode.swift; path = EventListCoordinator.swift; sourceTree = "<group>"; };
		2ACE3D2F24CF240E00A7CC43 /* EventListViewController.swift */ = {isa = PBXFileReference; lastKnownFileType = sourcecode.swift; path = EventListViewController.swift; sourceTree = "<group>"; };
		2ACE3D3124CF4E6C00A7CC43 /* UIColor+Extension.swift */ = {isa = PBXFileReference; lastKnownFileType = sourcecode.swift; path = "UIColor+Extension.swift"; sourceTree = "<group>"; };
		2ACE3D6424D02DB000A7CC43 /* EventsApp.xcdatamodel */ = {isa = PBXFileReference; lastKnownFileType = wrapper.xcdatamodel; path = EventsApp.xcdatamodel; sourceTree = "<group>"; };
		2ACE3D6624D02F4700A7CC43 /* CoreDataManager.swift */ = {isa = PBXFileReference; lastKnownFileType = sourcecode.swift; path = CoreDataManager.swift; sourceTree = "<group>"; };
		32522F4624D08E7F00C417DE /* EventListViewModel.swift */ = {isa = PBXFileReference; lastKnownFileType = sourcecode.swift; path = EventListViewModel.swift; sourceTree = "<group>"; };
/* End PBXFileReference section */

/* Begin PBXFrameworksBuildPhase section */
		2ACE3D1124CF20D400A7CC43 /* Frameworks */ = {
			isa = PBXFrameworksBuildPhase;
			buildActionMask = 2147483647;
			files = (
			);
			runOnlyForDeploymentPostprocessing = 0;
		};
/* End PBXFrameworksBuildPhase section */

/* Begin PBXGroup section */
		2ACE3D0B24CF20D400A7CC43 = {
			isa = PBXGroup;
			children = (
				2ACE3D1624CF20D400A7CC43 /* MVVMTemplate */,
				2ACE3D1524CF20D400A7CC43 /* Products */,
			);
			sourceTree = "<group>";
		};
		2ACE3D1524CF20D400A7CC43 /* Products */ = {
			isa = PBXGroup;
			children = (
				2ACE3D1424CF20D400A7CC43 /* MVVMTemplate.app */,
			);
			name = Products;
			sourceTree = "<group>";
		};
		2ACE3D1624CF20D400A7CC43 /* MVVMTemplate */ = {
			isa = PBXGroup;
			children = (
				2ACE3D3324CF4FBF00A7CC43 /* Extensions */,
				2ACE3D3524CF4FE800A7CC43 /* Controllers */,
				2ACE3D3424CF4FD600A7CC43 /* Coordinators */,
				32522F4824D092BC00C417DE /* CoreData */,
				2ACE3D1724CF20D400A7CC43 /* AppDelegate.swift */,
				2ACE3D1924CF20D400A7CC43 /* SceneDelegate.swift */,
				2ACE3D1D24CF20D400A7CC43 /* Main.storyboard */,
				2ACE3D2024CF20D500A7CC43 /* Assets.xcassets */,
				2ACE3D2224CF20D500A7CC43 /* LaunchScreen.storyboard */,
				2ACE3D2524CF20D500A7CC43 /* Info.plist */,
			);
			path = MVVMTemplate;
			sourceTree = "<group>";
		};
		2ACE3D3324CF4FBF00A7CC43 /* Extensions */ = {
			isa = PBXGroup;
			children = (
				2ACE3D3124CF4E6C00A7CC43 /* UIColor+Extension.swift */,
			);
			path = Extensions;
			sourceTree = "<group>";
		};
		2ACE3D3424CF4FD600A7CC43 /* Coordinators */ = {
			isa = PBXGroup;
			children = (
				2ACE3D2B24CF213400A7CC43 /* AppCoordinator.swift */,
				2ACE3D2D24CF236700A7CC43 /* EventListCoordinator.swift */,
				32522F4624D08E7F00C417DE /* EventListViewModel.swift */,
			);
			path = Coordinators;
			sourceTree = "<group>";
		};
		2ACE3D3524CF4FE800A7CC43 /* Controllers */ = {
			isa = PBXGroup;
			children = (
				2ACE3D2F24CF240E00A7CC43 /* EventListViewController.swift */,
			);
			path = Controllers;
			sourceTree = "<group>";
		};
		32522F4824D092BC00C417DE /* CoreData */ = {
			isa = PBXGroup;
			children = (
				2ACE3D6324D02DB000A7CC43 /* EventsApp.xcdatamodeld */,
				2ACE3D6624D02F4700A7CC43 /* CoreDataManager.swift */,
			);
			path = CoreData;
			sourceTree = "<group>";
		};
/* End PBXGroup section */

/* Begin PBXNativeTarget section */
		2ACE3D1324CF20D400A7CC43 /* MVVMTemplate */ = {
			isa = PBXNativeTarget;
			buildConfigurationList = 2ACE3D2824CF20D500A7CC43 /* Build configuration list for PBXNativeTarget "MVVMTemplate" */;
			buildPhases = (
				2ACE3D1024CF20D400A7CC43 /* Sources */,
				2ACE3D1124CF20D400A7CC43 /* Frameworks */,
				2ACE3D1224CF20D400A7CC43 /* Resources */,
			);
			buildRules = (
			);
			dependencies = (
			);
			name = MVVMTemplate;
			productName = MVVMTemplate;
			productReference = 2ACE3D1424CF20D400A7CC43 /* MVVMTemplate.app */;
			productType = "com.apple.product-type.application";
		};
/* End PBXNativeTarget section */

/* Begin PBXProject section */
		2ACE3D0C24CF20D400A7CC43 /* Project object */ = {
			isa = PBXProject;
			attributes = {
				LastSwiftUpdateCheck = 1140;
				LastUpgradeCheck = 1140;
				ORGANIZATIONNAME = "Medyannik Dmitri";
				TargetAttributes = {
					2ACE3D1324CF20D400A7CC43 = {
						CreatedOnToolsVersion = 11.4;
					};
				};
			};
			buildConfigurationList = 2ACE3D0F24CF20D400A7CC43 /* Build configuration list for PBXProject "MVVMTemplate" */;
			compatibilityVersion = "Xcode 9.3";
			developmentRegion = en;
			hasScannedForEncodings = 0;
			knownRegions = (
				en,
				Base,
			);
			mainGroup = 2ACE3D0B24CF20D400A7CC43;
			productRefGroup = 2ACE3D1524CF20D400A7CC43 /* Products */;
			projectDirPath = "";
			projectRoot = "";
			targets = (
				2ACE3D1324CF20D400A7CC43 /* MVVMTemplate */,
			);
		};
/* End PBXProject section */

/* Begin PBXResourcesBuildPhase section */
		2ACE3D1224CF20D400A7CC43 /* Resources */ = {
			isa = PBXResourcesBuildPhase;
			buildActionMask = 2147483647;
			files = (
				2ACE3D2424CF20D500A7CC43 /* LaunchScreen.storyboard in Resources */,
				2ACE3D2124CF20D500A7CC43 /* Assets.xcassets in Resources */,
				2ACE3D1F24CF20D400A7CC43 /* Main.storyboard in Resources */,
			);
			runOnlyForDeploymentPostprocessing = 0;
		};
/* End PBXResourcesBuildPhase section */

/* Begin PBXSourcesBuildPhase section */
		2ACE3D1024CF20D400A7CC43 /* Sources */ = {
			isa = PBXSourcesBuildPhase;
			buildActionMask = 2147483647;
			files = (
				2ACE3D3224CF4E6C00A7CC43 /* UIColor+Extension.swift in Sources */,
				2ACE3D2C24CF213400A7CC43 /* AppCoordinator.swift in Sources */,
				2ACE3D3024CF240E00A7CC43 /* EventListViewController.swift in Sources */,
				2ACE3D1824CF20D400A7CC43 /* AppDelegate.swift in Sources */,
				2ACE3D1A24CF20D400A7CC43 /* SceneDelegate.swift in Sources */,
				2ACE3D2E24CF236700A7CC43 /* EventListCoordinator.swift in Sources */,
				32522F4724D08E7F00C417DE /* EventListViewModel.swift in Sources */,
				2ACE3D6724D02F4700A7CC43 /* CoreDataManager.swift in Sources */,
				2ACE3D6524D02DB000A7CC43 /* EventsApp.xcdatamodeld in Sources */,
			);
			runOnlyForDeploymentPostprocessing = 0;
		};
/* End PBXSourcesBuildPhase section */

/* Begin PBXVariantGroup section */
		2ACE3D1D24CF20D400A7CC43 /* Main.storyboard */ = {
			isa = PBXVariantGroup;
			children = (
				2ACE3D1E24CF20D400A7CC43 /* Base */,
			);
			name = Main.storyboard;
			sourceTree = "<group>";
		};
		2ACE3D2224CF20D500A7CC43 /* LaunchScreen.storyboard */ = {
			isa = PBXVariantGroup;
			children = (
				2ACE3D2324CF20D500A7CC43 /* Base */,
			);
			name = LaunchScreen.storyboard;
			sourceTree = "<group>";
		};
/* End PBXVariantGroup section */

/* Begin XCBuildConfiguration section */
		2ACE3D2624CF20D500A7CC43 /* Debug */ = {
			isa = XCBuildConfiguration;
			buildSettings = {
				ALWAYS_SEARCH_USER_PATHS = NO;
				CLANG_ANALYZER_NONNULL = YES;
				CLANG_ANALYZER_NUMBER_OBJECT_CONVERSION = YES_AGGRESSIVE;
				CLANG_CXX_LANGUAGE_STANDARD = "gnu++14";
				CLANG_CXX_LIBRARY = "libc++";
				CLANG_ENABLE_MODULES = YES;
				CLANG_ENABLE_OBJC_ARC = YES;
				CLANG_ENABLE_OBJC_WEAK = YES;
				CLANG_WARN_BLOCK_CAPTURE_AUTORELEASING = YES;
				CLANG_WARN_BOOL_CONVERSION = YES;
				CLANG_WARN_COMMA = YES;
				CLANG_WARN_CONSTANT_CONVERSION = YES;
				CLANG_WARN_DEPRECATED_OBJC_IMPLEMENTATIONS = YES;
				CLANG_WARN_DIRECT_OBJC_ISA_USAGE = YES_ERROR;
				CLANG_WARN_DOCUMENTATION_COMMENTS = YES;
				CLANG_WARN_EMPTY_BODY = YES;
				CLANG_WARN_ENUM_CONVERSION = YES;
				CLANG_WARN_INFINITE_RECURSION = YES;
				CLANG_WARN_INT_CONVERSION = YES;
				CLANG_WARN_NON_LITERAL_NULL_CONVERSION = YES;
				CLANG_WARN_OBJC_IMPLICIT_RETAIN_SELF = YES;
				CLANG_WARN_OBJC_LITERAL_CONVERSION = YES;
				CLANG_WARN_OBJC_ROOT_CLASS = YES_ERROR;
				CLANG_WARN_RANGE_LOOP_ANALYSIS = YES;
				CLANG_WARN_STRICT_PROTOTYPES = YES;
				CLANG_WARN_SUSPICIOUS_MOVE = YES;
				CLANG_WARN_UNGUARDED_AVAILABILITY = YES_AGGRESSIVE;
				CLANG_WARN_UNREACHABLE_CODE = YES;
				CLANG_WARN__DUPLICATE_METHOD_MATCH = YES;
				COPY_PHASE_STRIP = NO;
				DEBUG_INFORMATION_FORMAT = dwarf;
				ENABLE_STRICT_OBJC_MSGSEND = YES;
				ENABLE_TESTABILITY = YES;
				GCC_C_LANGUAGE_STANDARD = gnu11;
				GCC_DYNAMIC_NO_PIC = NO;
				GCC_NO_COMMON_BLOCKS = YES;
				GCC_OPTIMIZATION_LEVEL = 0;
				GCC_PREPROCESSOR_DEFINITIONS = (
					"DEBUG=1",
					"$(inherited)",
				);
				GCC_WARN_64_TO_32_BIT_CONVERSION = YES;
				GCC_WARN_ABOUT_RETURN_TYPE = YES_ERROR;
				GCC_WARN_UNDECLARED_SELECTOR = YES;
				GCC_WARN_UNINITIALIZED_AUTOS = YES_AGGRESSIVE;
				GCC_WARN_UNUSED_FUNCTION = YES;
				GCC_WARN_UNUSED_VARIABLE = YES;
				IPHONEOS_DEPLOYMENT_TARGET = 13.4;
				MTL_ENABLE_DEBUG_INFO = INCLUDE_SOURCE;
				MTL_FAST_MATH = YES;
				ONLY_ACTIVE_ARCH = YES;
				SDKROOT = iphoneos;
				SWIFT_ACTIVE_COMPILATION_CONDITIONS = DEBUG;
				SWIFT_OPTIMIZATION_LEVEL = "-Onone";
			};
			name = Debug;
		};
		2ACE3D2724CF20D500A7CC43 /* Release */ = {
			isa = XCBuildConfiguration;
			buildSettings = {
				ALWAYS_SEARCH_USER_PATHS = NO;
				CLANG_ANALYZER_NONNULL = YES;
				CLANG_ANALYZER_NUMBER_OBJECT_CONVERSION = YES_AGGRESSIVE;
				CLANG_CXX_LANGUAGE_STANDARD = "gnu++14";
				CLANG_CXX_LIBRARY = "libc++";
				CLANG_ENABLE_MODULES = YES;
				CLANG_ENABLE_OBJC_ARC = YES;
				CLANG_ENABLE_OBJC_WEAK = YES;
				CLANG_WARN_BLOCK_CAPTURE_AUTORELEASING = YES;
				CLANG_WARN_BOOL_CONVERSION = YES;
				CLANG_WARN_COMMA = YES;
				CLANG_WARN_CONSTANT_CONVERSION = YES;
				CLANG_WARN_DEPRECATED_OBJC_IMPLEMENTATIONS = YES;
				CLANG_WARN_DIRECT_OBJC_ISA_USAGE = YES_ERROR;
				CLANG_WARN_DOCUMENTATION_COMMENTS = YES;
				CLANG_WARN_EMPTY_BODY = YES;
				CLANG_WARN_ENUM_CONVERSION = YES;
				CLANG_WARN_INFINITE_RECURSION = YES;
				CLANG_WARN_INT_CONVERSION = YES;
				CLANG_WARN_NON_LITERAL_NULL_CONVERSION = YES;
				CLANG_WARN_OBJC_IMPLICIT_RETAIN_SELF = YES;
				CLANG_WARN_OBJC_LITERAL_CONVERSION = YES;
				CLANG_WARN_OBJC_ROOT_CLASS = YES_ERROR;
				CLANG_WARN_RANGE_LOOP_ANALYSIS = YES;
				CLANG_WARN_STRICT_PROTOTYPES = YES;
				CLANG_WARN_SUSPICIOUS_MOVE = YES;
				CLANG_WARN_UNGUARDED_AVAILABILITY = YES_AGGRESSIVE;
				CLANG_WARN_UNREACHABLE_CODE = YES;
				CLANG_WARN__DUPLICATE_METHOD_MATCH = YES;
				COPY_PHASE_STRIP = NO;
				DEBUG_INFORMATION_FORMAT = "dwarf-with-dsym";
				ENABLE_NS_ASSERTIONS = NO;
				ENABLE_STRICT_OBJC_MSGSEND = YES;
				GCC_C_LANGUAGE_STANDARD = gnu11;
				GCC_NO_COMMON_BLOCKS = YES;
				GCC_WARN_64_TO_32_BIT_CONVERSION = YES;
				GCC_WARN_ABOUT_RETURN_TYPE = YES_ERROR;
				GCC_WARN_UNDECLARED_SELECTOR = YES;
				GCC_WARN_UNINITIALIZED_AUTOS = YES_AGGRESSIVE;
				GCC_WARN_UNUSED_FUNCTION = YES;
				GCC_WARN_UNUSED_VARIABLE = YES;
				IPHONEOS_DEPLOYMENT_TARGET = 13.4;
				MTL_ENABLE_DEBUG_INFO = NO;
				MTL_FAST_MATH = YES;
				SDKROOT = iphoneos;
				SWIFT_COMPILATION_MODE = wholemodule;
				SWIFT_OPTIMIZATION_LEVEL = "-O";
				VALIDATE_PRODUCT = YES;
			};
			name = Release;
		};
		2ACE3D2924CF20D500A7CC43 /* Debug */ = {
			isa = XCBuildConfiguration;
			buildSettings = {
				ASSETCATALOG_COMPILER_APPICON_NAME = AppIcon;
				CODE_SIGN_STYLE = Automatic;
				DEVELOPMENT_TEAM = 8Q6S7RTHBY;
				INFOPLIST_FILE = MVVMTemplate/Info.plist;
				LD_RUNPATH_SEARCH_PATHS = (
					"$(inherited)",
					"@executable_path/Frameworks",
				);
				PRODUCT_BUNDLE_IDENTIFIER = com.medyannik.MVVMTemplate1;
				PRODUCT_NAME = "$(TARGET_NAME)";
				SWIFT_VERSION = 5.0;
				TARGETED_DEVICE_FAMILY = "1,2";
			};
			name = Debug;
		};
		2ACE3D2A24CF20D500A7CC43 /* Release */ = {
			isa = XCBuildConfiguration;
			buildSettings = {
				ASSETCATALOG_COMPILER_APPICON_NAME = AppIcon;
				CODE_SIGN_STYLE = Automatic;
				DEVELOPMENT_TEAM = 8Q6S7RTHBY;
				INFOPLIST_FILE = MVVMTemplate/Info.plist;
				LD_RUNPATH_SEARCH_PATHS = (
					"$(inherited)",
					"@executable_path/Frameworks",
				);
				PRODUCT_BUNDLE_IDENTIFIER = com.medyannik.MVVMTemplate1;
				PRODUCT_NAME = "$(TARGET_NAME)";
				SWIFT_VERSION = 5.0;
				TARGETED_DEVICE_FAMILY = "1,2";
			};
			name = Release;
		};
/* End XCBuildConfiguration section */

/* Begin XCConfigurationList section */
		2ACE3D0F24CF20D400A7CC43 /* Build configuration list for PBXProject "MVVMTemplate" */ = {
			isa = XCConfigurationList;
			buildConfigurations = (
				2ACE3D2624CF20D500A7CC43 /* Debug */,
				2ACE3D2724CF20D500A7CC43 /* Release */,
			);
			defaultConfigurationIsVisible = 0;
			defaultConfigurationName = Release;
		};
		2ACE3D2824CF20D500A7CC43 /* Build configuration list for PBXNativeTarget "MVVMTemplate" */ = {
			isa = XCConfigurationList;
			buildConfigurations = (
				2ACE3D2924CF20D500A7CC43 /* Debug */,
				2ACE3D2A24CF20D500A7CC43 /* Release */,
			);
			defaultConfigurationIsVisible = 0;
			defaultConfigurationName = Release;
		};
/* End XCConfigurationList section */

/* Begin XCVersionGroup section */
		2ACE3D6324D02DB000A7CC43 /* EventsApp.xcdatamodeld */ = {
			isa = XCVersionGroup;
			children = (
				2ACE3D6424D02DB000A7CC43 /* EventsApp.xcdatamodel */,
			);
			currentVersion = 2ACE3D6424D02DB000A7CC43 /* EventsApp.xcdatamodel */;
			path = EventsApp.xcdatamodeld;
			sourceTree = "<group>";
			versionGroupType = wrapper.xcdatamodel;
		};
/* End XCVersionGroup section */
	};
	rootObject = 2ACE3D0C24CF20D400A7CC43 /* Project object */;
}
